{
  "version": "1.0",
  "secrets": {},
  "secretfile": {
    "filename": "Secretfile.yml",
    "hash": "34ce5cc41aaab6f6832b541070a1aa8405b5f2262356b2e20caa49ba00c61209",
    "synced_at": "2026-05-06T16:59:13.263343+00:00",
    "var_files": [],
    "variables_hash": "cd258ea8b5adce1d02de944cab545b051be7a2d1da5f593790747636fa5f37da",
    "sync_identity": {
      "client": "cli",
      "secretzero_version": "0.13.3",
      "os_user": "zacharyloeber",
      "os_uid": 501,
      "os_euid": 501,
      "hostname": "Zacharys-MBP.home.loeber.live",
      "host_fqdn": "Zacharys-MBP.home.loeber.live",
      "platform": "macOS-26.3.1-arm64-arm-64bit",
      "git_user_name": "Zachary Loeber",
      "git_user_email": "zloeber@gmail.com",
      "git_commit_sha": "cafd6da"
    },
    "manifest_spec_version": "1"
  },
  "metadata": {}
}